
Microsoft Visual Studio Solution File, Format Version 12.00
# Visual Studio Version 17
VisualStudioVersion = 17.13.35825.156 d17.13
MinimumVisualStudioVersion = 10.0.40219.1
Project("{FAE04EC0-301F-11D3-BF4B-00C04F79EFBC}") = "AT2-WFCadastros", "AT2-WFCadastros\AT2-WFCadastros.csproj", "{639E585E-9A03-4005-93B6-E472B74955D2}"
EndProject
Project("{FAE04EC0-301F-11D3-BF4B-00C04F79EFBC}") = "AT2-WFCadastroPessoa", "AT2-WFCadastroPessoa\AT2-WFCadastroPessoa.csproj", "{A3CE415E-A455-4665-92F5-D2282A35E77E}"
EndProject
Global
	GlobalSection(SolutionConfigurationPlatforms) = preSolution
		Debug|Any CPU = Debug|Any CPU
		Release|Any CPU = Release|Any CPU
	EndGlobalSection
	GlobalSection(ProjectConfigurationPlatforms) = postSolution
		{639E585E-9A03-4005-93B6-E472B74955D2}.Debug|Any CPU.ActiveCfg = Debug|Any CPU
		{639E585E-9A03-4005-93B6-E472B74955D2}.Debug|Any CPU.Build.0 = Debug|Any CPU
		{639E585E-9A03-4005-93B6-E472B74955D2}.Release|Any CPU.ActiveCfg = Release|Any CPU
		{639E585E-9A03-4005-93B6-E472B74955D2}.Release|Any CPU.Build.0 = Release|Any CPU
		{A3CE415E-A455-4665-92F5-D2282A35E77E}.Debug|Any CPU.ActiveCfg = Debug|Any CPU
		{A3CE415E-A455-4665-92F5-D2282A35E77E}.Debug|Any CPU.Build.0 = Debug|Any CPU
		{A3CE415E-A455-4665-92F5-D2282A35E77E}.Release|Any CPU.ActiveCfg = Release|Any CPU
		{A3CE415E-A455-4665-92F5-D2282A35E77E}.Release|Any CPU.Build.0 = Release|Any CPU
	EndGlobalSection
	GlobalSection(SolutionProperties) = preSolution
		HideSolutionNode = FALSE
	EndGlobalSection
	GlobalSection(ExtensibilityGlobals) = postSolution
		SolutionGuid = {ED857038-295E-4AFB-A722-FA370E58EC38}
	EndGlobalSection
EndGlobal
